
Microsoft Visual Studio Solution File, Format Version 12.00
# Visual Studio Version 16
VisualStudioVersion = 16.0.31321.278
MinimumVisualStudioVersion = 10.0.40219.1
Project("{FAE04EC0-301F-11D3-BF4B-00C04F79EFBC}") = "QXHMVC", "QXHMVC\QXHMVC.csproj", "{27BF276E-7B24-467F-93B5-72BF356E7F46}"
EndProject
Global
	GlobalSection(SolutionConfigurationPlatforms) = preSolution
		Debug|Any CPU = Debug|Any CPU
		Release|Any CPU = Release|Any CPU
	EndGlobalSection
	GlobalSection(ProjectConfigurationPlatforms) = postSolution
		{27BF276E-7B24-467F-93B5-72BF356E7F46}.Debug|Any CPU.ActiveCfg = Debug|Any CPU
		{27BF276E-7B24-467F-93B5-72BF356E7F46}.Debug|Any CPU.Build.0 = Debug|Any CPU
		{27BF276E-7B24-467F-93B5-72BF356E7F46}.Release|Any CPU.ActiveCfg = Release|Any CPU
		{27BF276E-7B24-467F-93B5-72BF356E7F46}.Release|Any CPU.Build.0 = Release|Any CPU
	EndGlobalSection
	GlobalSection(SolutionProperties) = preSolution
		HideSolutionNode = FALSE
	EndGlobalSection
	GlobalSection(ExtensibilityGlobals) = postSolution
		SolutionGuid = {DA2347D7-663A-4D7D-9A07-2809A7003B7E}
	EndGlobalSection
EndGlobal
